github.com/Knetic/govaluate v3.0.0+incompatible h1:7o6+MAPhYTCF0+fdvoz1xDedhRb4f6s9Tn1Tt7/WTEg=
github.com/Knetic/govaluate v3.0.0+incompatible/go.mod h1:r7JcOSlj0wfOMncg0iLm8Leh48TZaKVeNIfJntJ2wa0=
github.com/brandenc40/romannumeral v1.1.5 h1:X9vvg5iJATxGzs0u4p1StxlFixPdDcHT44eBv4T5kRk=
github.com/brandenc40/romannumeral v1.1.5/go.mod h1:BGaddAnc6x74z0muZeTu0Z+OMhQXfd8U76vkSLIPvxk=
